
Microsoft Visual Studio Solution File, Format Version 12.00
# Visual Studio Version 17
VisualStudioVersion = 17.9.34723.18
MinimumVisualStudioVersion = 10.0.40219.1
Project("{FAE04EC0-301F-11D3-BF4B-00C04F79EFBC}") = "CICD.Tools.GitHubToCatalogYaml", "Skyline.DataMiner.CICD.Tools.GitHubToCatalogYaml\CICD.Tools.GitHubToCatalogYaml.csproj", "{47811D18-BA41-477E-B874-A1661F6358DB}"
EndProject
Project("{FAE04EC0-301F-11D3-BF4B-00C04F79EFBC}") = "CICD.Tools.GitHubToCatalogYamlTests", "CICD.Tools.GitHubToCatalogYamlTests\CICD.Tools.GitHubToCatalogYamlTests.csproj", "{8444F1AA-DC65-405C-9E00-72FED3E80171}"
EndProject
Global
	GlobalSection(SolutionConfigurationPlatforms) = preSolution
		Debug|Any CPU = Debug|Any CPU
		Release|Any CPU = Release|Any CPU
	EndGlobalSection
	GlobalSection(ProjectConfigurationPlatforms) = postSolution
		{47811D18-BA41-477E-B874-A1661F6358DB}.Debug|Any CPU.ActiveCfg = Debug|Any CPU
		{47811D18-BA41-477E-B874-A1661F6358DB}.Debug|Any CPU.Build.0 = Debug|Any CPU
		{47811D18-BA41-477E-B874-A1661F6358DB}.Release|Any CPU.ActiveCfg = Release|Any CPU
		{47811D18-BA41-477E-B874-A1661F6358DB}.Release|Any CPU.Build.0 = Release|Any CPU
		{8444F1AA-DC65-405C-9E00-72FED3E80171}.Debug|Any CPU.ActiveCfg = Debug|Any CPU
		{8444F1AA-DC65-405C-9E00-72FED3E80171}.Debug|Any CPU.Build.0 = Debug|Any CPU
		{8444F1AA-DC65-405C-9E00-72FED3E80171}.Release|Any CPU.ActiveCfg = Release|Any CPU
		{8444F1AA-DC65-405C-9E00-72FED3E80171}.Release|Any CPU.Build.0 = Release|Any CPU
	EndGlobalSection
	GlobalSection(SolutionProperties) = preSolution
		HideSolutionNode = FALSE
	EndGlobalSection
	GlobalSection(ExtensibilityGlobals) = postSolution
		SolutionGuid = {9917116C-223C-4616-A7E4-35C15F3FA878}
	EndGlobalSection
EndGlobal
